GIT
  remote: https://github.com/DrTom/ansible-role-chromedriver
  ref: master
  sha: 435a639e9bf0db54d45c291bfd537f8841a76c4e
  specs:
    chromedriver (1.0.0)

GIT
  remote: https://github.com/geerlingguy/ansible-role-postgresql
  ref: master
  sha: 3287c51eab31cb7e18a0667c9f9339cfa80dcee5
  specs:
    postgres (0.0.0)

GIT
  remote: https://github.com/kamaln7/ansible-swapfile
  ref: master
  sha: 8eb0e18d90a7f25b6658fbf56bcba01b84a664fc
  specs:
    swapfile (0.0.0)

GIT
  remote: https://github.com/rvm/rvm1-ansible
  ref: master
  sha: 72552c313965c1c36361a56fd89d281c8ab6986b
  specs:
    rvm (0.0.0)

DEPENDENCIES
  chromedriver (>= 0)
  postgres (>= 0)
  rvm (>= 0)
  swapfile (>= 0)

