GIT
  remote: https://github.com/geerlingguy/ansible-role-postgresql
  ref: master
  sha: 3287c51eab31cb7e18a0667c9f9339cfa80dcee5
  specs:
    postgresql (0.0.0)

GIT
  remote: https://github.com/rvm/rvm1-ansible
  ref: master
  sha: 72552c313965c1c36361a56fd89d281c8ab6986b
  specs:
    rvm (0.0.0)

DEPENDENCIES
  postgresql (>= 0)
  rvm (>= 0)

